
Microsoft Visual Studio Solution File, Format Version 12.00
# Visual Studio Version 16
VisualStudioVersion = 16.0.29519.181
MinimumVisualStudioVersion = 10.0.40219.1
Project("{FAE04EC0-301F-11D3-BF4B-00C04F79EFBC}") = "factoryMethodConsole", "factoryMethodConsole\factoryMethodConsole.csproj", "{D0FE30AD-5780-4E15-AF66-5C1A63B35110}"
EndProject
Global
	GlobalSection(SolutionConfigurationPlatforms) = preSolution
		Debug|Any CPU = Debug|Any CPU
		Release|Any CPU = Release|Any CPU
	EndGlobalSection
	GlobalSection(ProjectConfigurationPlatforms) = postSolution
		{D0FE30AD-5780-4E15-AF66-5C1A63B35110}.Debug|Any CPU.ActiveCfg = Debug|Any CPU
		{D0FE30AD-5780-4E15-AF66-5C1A63B35110}.Debug|Any CPU.Build.0 = Debug|Any CPU
		{D0FE30AD-5780-4E15-AF66-5C1A63B35110}.Release|Any CPU.ActiveCfg = Release|Any CPU
		{D0FE30AD-5780-4E15-AF66-5C1A63B35110}.Release|Any CPU.Build.0 = Release|Any CPU
	EndGlobalSection
	GlobalSection(SolutionProperties) = preSolution
		HideSolutionNode = FALSE
	EndGlobalSection
	GlobalSection(ExtensibilityGlobals) = postSolution
		SolutionGuid = {38464883-EC56-4642-B4D7-E378CC6215BC}
	EndGlobalSection
EndGlobal
